
Microsoft Visual Studio Solution File, Format Version 12.00
# Visual Studio 15
VisualStudioVersion = 15.0.28307.539
MinimumVisualStudioVersion = 10.0.40219.1
Project("{FAE04EC0-301F-11D3-BF4B-00C04F79EFBC}") = "Vidly", "Vidly.csproj", "{447DF300-91F2-4119-8B74-536194E543A7}"
EndProject
Global
	GlobalSection(SolutionConfigurationPlatforms) = preSolution
		Debug|Any CPU = Debug|Any CPU
		Release|Any CPU = Release|Any CPU
		Testing|Any CPU = Testing|Any CPU
	EndGlobalSection
	GlobalSection(ProjectConfigurationPlatforms) = postSolution
		{447DF300-91F2-4119-8B74-536194E543A7}.Debug|Any CPU.ActiveCfg = Debug|Any CPU
		{447DF300-91F2-4119-8B74-536194E543A7}.Debug|Any CPU.Build.0 = Debug|Any CPU
		{447DF300-91F2-4119-8B74-536194E543A7}.Release|Any CPU.ActiveCfg = Release|Any CPU
		{447DF300-91F2-4119-8B74-536194E543A7}.Release|Any CPU.Build.0 = Release|Any CPU
		{447DF300-91F2-4119-8B74-536194E543A7}.Testing|Any CPU.ActiveCfg = Testing|Any CPU
		{447DF300-91F2-4119-8B74-536194E543A7}.Testing|Any CPU.Build.0 = Testing|Any CPU
	EndGlobalSection
	GlobalSection(SolutionProperties) = preSolution
		HideSolutionNode = FALSE
	EndGlobalSection
	GlobalSection(ExtensibilityGlobals) = postSolution
		SolutionGuid = {E5098BAF-F0FC-4943-BDBA-E762C5FFC611}
	EndGlobalSection
EndGlobal
